
Microsoft Visual Studio Solution File, Format Version 12.00
# Visual Studio Version 17
VisualStudioVersion = 17.4.33103.184
MinimumVisualStudioVersion = 10.0.40219.1
Project("{FAE04EC0-301F-11D3-BF4B-00C04F79EFBC}") = "ThreadPool_dotNET", "ThreadPool_dotNET\ThreadPool_dotNET.csproj", "{88DA049A-514F-43ED-84D4-B39F3F58E5AB}"
EndProject
Global
	GlobalSection(SolutionConfigurationPlatforms) = preSolution
		Debug|Any CPU = Debug|Any CPU
		Release|Any CPU = Release|Any CPU
	EndGlobalSection
	GlobalSection(ProjectConfigurationPlatforms) = postSolution
		{88DA049A-514F-43ED-84D4-B39F3F58E5AB}.Debug|Any CPU.ActiveCfg = Debug|Any CPU
		{88DA049A-514F-43ED-84D4-B39F3F58E5AB}.Debug|Any CPU.Build.0 = Debug|Any CPU
		{88DA049A-514F-43ED-84D4-B39F3F58E5AB}.Release|Any CPU.ActiveCfg = Release|Any CPU
		{88DA049A-514F-43ED-84D4-B39F3F58E5AB}.Release|Any CPU.Build.0 = Release|Any CPU
	EndGlobalSection
	GlobalSection(SolutionProperties) = preSolution
		HideSolutionNode = FALSE
	EndGlobalSection
	GlobalSection(ExtensibilityGlobals) = postSolution
		SolutionGuid = {447C8335-548F-4166-968D-310C97C5D135}
	EndGlobalSection
EndGlobal
